
Microsoft Visual Studio Solution File, Format Version 12.00
# Visual Studio 15
VisualStudioVersion = 15.0.27004.2002
MinimumVisualStudioVersion = 10.0.40219.1
Project("{FAE04EC0-301F-11D3-BF4B-00C04F79EFBC}") = "KatanaIntro", "KatanaIntro\KatanaIntro.csproj", "{7C8C9836-CF84-4238-AABC-6B0E35AD49FA}"
EndProject
Global
	GlobalSection(SolutionConfigurationPlatforms) = preSolution
		Debug|Any CPU = Debug|Any CPU
		Release|Any CPU = Release|Any CPU
	EndGlobalSection
	GlobalSection(ProjectConfigurationPlatforms) = postSolution
		{7C8C9836-CF84-4238-AABC-6B0E35AD49FA}.Debug|Any CPU.ActiveCfg = Debug|Any CPU
		{7C8C9836-CF84-4238-AABC-6B0E35AD49FA}.Debug|Any CPU.Build.0 = Debug|Any CPU
		{7C8C9836-CF84-4238-AABC-6B0E35AD49FA}.Release|Any CPU.ActiveCfg = Release|Any CPU
		{7C8C9836-CF84-4238-AABC-6B0E35AD49FA}.Release|Any CPU.Build.0 = Release|Any CPU
	EndGlobalSection
	GlobalSection(SolutionProperties) = preSolution
		HideSolutionNode = FALSE
	EndGlobalSection
	GlobalSection(ExtensibilityGlobals) = postSolution
		SolutionGuid = {BCCD0CBE-52F6-459B-A6A0-C0F39B074540}
	EndGlobalSection
EndGlobal
